{
  "name": "Algorender",
  "lockfileVersion": 3,
  "requires": true,
  "packages": {
    "": {
      "dependencies": {
        "@vercel/analytics": "^1.5.0",
        "@vercel/speed-insights": "^1.2.0",
        "farmer": "^0.0.1",
        "motion": "^12.17.0"
      }
    },
    "node_modules/@vercel/analytics": {
      "version": "1.5.0",
      "resolved": "https://registry.npmjs.org/@vercel/analytics/-/analytics-1.5.0.tgz",
      "integrity": "sha512-MYsBzfPki4gthY5HnYN7jgInhAZ7Ac1cYDoRWFomwGHWEX7odTEzbtg9kf/QSo7XEsEAqlQugA6gJ2WS2DEa3g==",
      "license": "MPL-2.0",
      "peerDependencies": {
        "@remix-run/react": "^2",
        "@sveltejs/kit": "^1 || ^2",
        "next": ">= 13",
        "react": "^18 || ^19 || ^19.0.0-rc",
        "svelte": ">= 4",
        "vue": "^3",
        "vue-router": "^4"
      },
      "peerDependenciesMeta": {
        "@remix-run/react": {
          "optional": true
        },
        "@sveltejs/kit": {
          "optional": true
        },
        "next": {
          "optional": true
        },
        "react": {
          "optional": true
        },
        "svelte": {
          "optional": true
        },
        "vue": {
          "optional": true
        },
        "vue-router": {
          "optional": true
        }
      }
    },
    "node_modules/@vercel/speed-insights": {
      "version": "1.2.0",
      "resolved": "https://registry.npmjs.org/@vercel/speed-insights/-/speed-insights-1.2.0.tgz",
      "integrity": "sha512-y9GVzrUJ2xmgtQlzFP2KhVRoCglwfRQgjyfY607aU0hh0Un6d0OUyrJkjuAlsV18qR4zfoFPs/BiIj9YDS6Wzw==",
      "hasInstallScript": true,
      "license": "Apache-2.0",
      "peerDependencies": {
        "@sveltejs/kit": "^1 || ^2",
        "next": ">= 13",
        "react": "^18 || ^19 || ^19.0.0-rc",
        "svelte": ">= 4",
        "vue": "^3",
        "vue-router": "^4"
      },
      "peerDependenciesMeta": {
        "@sveltejs/kit": {
          "optional": true
        },
        "next": {
          "optional": true
        },
        "react": {
          "optional": true
        },
        "svelte": {
          "optional": true
        },
        "vue": {
          "optional": true
        },
        "vue-router": {
          "optional": true
        }
      }
    },
    "node_modules/farmer": {
      "version": "0.0.1",
      "resolved": "https://registry.npmjs.org/farmer/-/farmer-0.0.1.tgz",
      "integrity": "sha512-zz2Wr1+4V48ha+xXDgcCL+X9HpD8LCpZbHYxQyON6UjlNpOYRmU2vxVdJmUFQrf0G8adHCPqJjfycheENZp3OQ==",
      "license": "MIT"
    },
    "node_modules/framer-motion": {
      "version": "12.17.0",
      "resolved": "https://registry.npmjs.org/framer-motion/-/framer-motion-12.17.0.tgz",
      "integrity": "sha512-2hISKgDk49yCLStwG1wf4Kdy/D6eBw9/eRNaWFIYoI9vMQ/Mqd1Fz+gzVlEtxJmtQ9y4IWnXm19/+UXD3dAYAA==",
      "license": "MIT",
      "dependencies": {
        "motion-dom": "^12.17.0",
        "motion-utils": "^12.12.1",
        "tslib": "^2.4.0"
      },
      "peerDependencies": {
        "@emotion/is-prop-valid": "*",
        "react": "^18.0.0 || ^19.0.0",
        "react-dom": "^18.0.0 || ^19.0.0"
      },
      "peerDependenciesMeta": {
        "@emotion/is-prop-valid": {
          "optional": true
        },
        "react": {
          "optional": true
        },
        "react-dom": {
          "optional": true
        }
      }
    },
    "node_modules/motion": {
      "version": "12.17.0",
      "resolved": "https://registry.npmjs.org/motion/-/motion-12.17.0.tgz",
      "integrity": "sha512-04K87lcwuA1vK3CLpKegncbBq6y2dmQjUsp9iPz0SxFACdBtEHB3V120k0G/t1blHATFuoqMrrLELRljUdQCeg==",
      "license": "MIT",
      "dependencies": {
        "framer-motion": "^12.17.0",
        "tslib": "^2.4.0"
      },
      "peerDependencies": {
        "@emotion/is-prop-valid": "*",
        "react": "^18.0.0 || ^19.0.0",
        "react-dom": "^18.0.0 || ^19.0.0"
      },
      "peerDependenciesMeta": {
        "@emotion/is-prop-valid": {
          "optional": true
        },
        "react": {
          "optional": true
        },
        "react-dom": {
          "optional": true
        }
      }
    },
    "node_modules/motion-dom": {
      "version": "12.17.0",
      "resolved": "https://registry.npmjs.org/motion-dom/-/motion-dom-12.17.0.tgz",
      "integrity": "sha512-FA6/c70R9NKs3g41XDVONzmUUrEmyaifLVGCWtAmHP0usDnX9W+RN/tmbC4EUl0w6yLGvMTOwnWCFVgA5luhRg==",
      "license": "MIT",
      "dependencies": {
        "motion-utils": "^12.12.1"
      }
    },
    "node_modules/motion-utils": {
      "version": "12.12.1",
      "resolved": "https://registry.npmjs.org/motion-utils/-/motion-utils-12.12.1.tgz",
      "integrity": "sha512-f9qiqUHm7hWSLlNW8gS9pisnsN7CRFRD58vNjptKdsqFLpkVnX00TNeD6Q0d27V9KzT7ySFyK1TZ/DShfVOv6w==",
      "license": "MIT"
    },
    "node_modules/tslib": {
      "version": "2.8.1",
      "resolved": "https://registry.npmjs.org/tslib/-/tslib-2.8.1.tgz",
      "integrity": "sha512-oJFu94HQb+KVduSUQL7wnpmqnfmLsOA/nAh6b6EH0wCEoK0/mPeXU6c3wKDV83MkOuHPRHtSXKKU99IBazS/2w==",
      "license": "0BSD"
    }
  }
}
